
Microsoft Visual Studio Solution File, Format Version 12.00
# Visual Studio Version 16
VisualStudioVersion = 16.0.30225.117
MinimumVisualStudioVersion = 10.0.40219.1
Project("{FAE04EC0-301F-11D3-BF4B-00C04F79EFBC}") = "LLZip", "LLZip\LLZip.csproj", "{35C3B7D2-CA5A-4552-B1B8-003754985563}"
EndProject
Project("{FAE04EC0-301F-11D3-BF4B-00C04F79EFBC}") = "LLZipTest", "LLZipTest\LLZipTest.csproj", "{7F54B375-17E3-436C-BE95-8D6C48CD4139}"
EndProject
Global
	GlobalSection(SolutionConfigurationPlatforms) = preSolution
		Debug|Any CPU = Debug|Any CPU
		Release|Any CPU = Release|Any CPU
	EndGlobalSection
	GlobalSection(ProjectConfigurationPlatforms) = postSolution
		{35C3B7D2-CA5A-4552-B1B8-003754985563}.Debug|Any CPU.ActiveCfg = Debug|Any CPU
		{35C3B7D2-CA5A-4552-B1B8-003754985563}.Debug|Any CPU.Build.0 = Debug|Any CPU
		{35C3B7D2-CA5A-4552-B1B8-003754985563}.Release|Any CPU.ActiveCfg = Release|Any CPU
		{35C3B7D2-CA5A-4552-B1B8-003754985563}.Release|Any CPU.Build.0 = Release|Any CPU
		{7F54B375-17E3-436C-BE95-8D6C48CD4139}.Debug|Any CPU.ActiveCfg = Debug|Any CPU
		{7F54B375-17E3-436C-BE95-8D6C48CD4139}.Debug|Any CPU.Build.0 = Debug|Any CPU
		{7F54B375-17E3-436C-BE95-8D6C48CD4139}.Release|Any CPU.ActiveCfg = Release|Any CPU
		{7F54B375-17E3-436C-BE95-8D6C48CD4139}.Release|Any CPU.Build.0 = Release|Any CPU
	EndGlobalSection
	GlobalSection(SolutionProperties) = preSolution
		HideSolutionNode = FALSE
	EndGlobalSection
	GlobalSection(ExtensibilityGlobals) = postSolution
		SolutionGuid = {B8BA52AA-44D9-47B5-AFC6-4F1D990E5EDF}
	EndGlobalSection
EndGlobal
