
Microsoft Visual Studio Solution File, Format Version 12.00
# Visual Studio Version 16
VisualStudioVersion = 16.0.30225.117
MinimumVisualStudioVersion = 10.0.40219.1
Project("{FAE04EC0-301F-11D3-BF4B-00C04F79EFBC}") = "QueueWithStacks", "QueueWithStacks\QueueWithStacks.csproj", "{DEAB9B6C-5901-44A9-9CCD-59AA7F616BF0}"
EndProject
Project("{FAE04EC0-301F-11D3-BF4B-00C04F79EFBC}") = "QueueWithStacksTests", "QueueWithStacksTests\QueueWithStacksTests.csproj", "{2D873013-CCE3-4221-9761-A6C05D5AB202}"
EndProject
Global
	GlobalSection(SolutionConfigurationPlatforms) = preSolution
		Debug|Any CPU = Debug|Any CPU
		Release|Any CPU = Release|Any CPU
	EndGlobalSection
	GlobalSection(ProjectConfigurationPlatforms) = postSolution
		{DEAB9B6C-5901-44A9-9CCD-59AA7F616BF0}.Debug|Any CPU.ActiveCfg = Debug|Any CPU
		{DEAB9B6C-5901-44A9-9CCD-59AA7F616BF0}.Debug|Any CPU.Build.0 = Debug|Any CPU
		{DEAB9B6C-5901-44A9-9CCD-59AA7F616BF0}.Release|Any CPU.ActiveCfg = Release|Any CPU
		{DEAB9B6C-5901-44A9-9CCD-59AA7F616BF0}.Release|Any CPU.Build.0 = Release|Any CPU
		{2D873013-CCE3-4221-9761-A6C05D5AB202}.Debug|Any CPU.ActiveCfg = Debug|Any CPU
		{2D873013-CCE3-4221-9761-A6C05D5AB202}.Debug|Any CPU.Build.0 = Debug|Any CPU
		{2D873013-CCE3-4221-9761-A6C05D5AB202}.Release|Any CPU.ActiveCfg = Release|Any CPU
		{2D873013-CCE3-4221-9761-A6C05D5AB202}.Release|Any CPU.Build.0 = Release|Any CPU
	EndGlobalSection
	GlobalSection(SolutionProperties) = preSolution
		HideSolutionNode = FALSE
	EndGlobalSection
	GlobalSection(ExtensibilityGlobals) = postSolution
		SolutionGuid = {2B1F0D9A-7ED3-4593-BE6F-2AC5B89CEB8D}
	EndGlobalSection
EndGlobal
