
Microsoft Visual Studio Solution File, Format Version 12.00
# Visual Studio Version 16
VisualStudioVersion = 16.0.30225.117
MinimumVisualStudioVersion = 10.0.40219.1
Project("{9A19103F-16F7-4668-BE54-9A1E7A4F7556}") = "TreeIntersection", "TreeIntersection\TreeIntersection.csproj", "{86C2DA2B-B1CE-4381-9244-C6D74774B1A4}"
EndProject
Project("{FAE04EC0-301F-11D3-BF4B-00C04F79EFBC}") = "IntersectionTests", "IntersectionTests\IntersectionTests.csproj", "{2D29519A-F5F6-469C-9ED6-166E88F96143}"
EndProject
Global
	GlobalSection(SolutionConfigurationPlatforms) = preSolution
		Debug|Any CPU = Debug|Any CPU
		Release|Any CPU = Release|Any CPU
	EndGlobalSection
	GlobalSection(ProjectConfigurationPlatforms) = postSolution
		{86C2DA2B-B1CE-4381-9244-C6D74774B1A4}.Debug|Any CPU.ActiveCfg = Debug|Any CPU
		{86C2DA2B-B1CE-4381-9244-C6D74774B1A4}.Debug|Any CPU.Build.0 = Debug|Any CPU
		{86C2DA2B-B1CE-4381-9244-C6D74774B1A4}.Release|Any CPU.ActiveCfg = Release|Any CPU
		{86C2DA2B-B1CE-4381-9244-C6D74774B1A4}.Release|Any CPU.Build.0 = Release|Any CPU
		{2D29519A-F5F6-469C-9ED6-166E88F96143}.Debug|Any CPU.ActiveCfg = Debug|Any CPU
		{2D29519A-F5F6-469C-9ED6-166E88F96143}.Debug|Any CPU.Build.0 = Debug|Any CPU
		{2D29519A-F5F6-469C-9ED6-166E88F96143}.Release|Any CPU.ActiveCfg = Release|Any CPU
		{2D29519A-F5F6-469C-9ED6-166E88F96143}.Release|Any CPU.Build.0 = Release|Any CPU
	EndGlobalSection
	GlobalSection(SolutionProperties) = preSolution
		HideSolutionNode = FALSE
	EndGlobalSection
	GlobalSection(ExtensibilityGlobals) = postSolution
		SolutionGuid = {86B7C5B7-0D88-4B04-9DE9-2706E4D6A18A}
	EndGlobalSection
EndGlobal
