
Microsoft Visual Studio Solution File, Format Version 12.00
# Visual Studio Version 16
VisualStudioVersion = 16.0.30225.117
MinimumVisualStudioVersion = 10.0.40219.1
Project("{FAE04EC0-301F-11D3-BF4B-00C04F79EFBC}") = "MultiBracketValidation", "MultiBracketValidation\MultiBracketValidation.csproj", "{1F56B318-4389-4BAC-BDA4-776DD3D4BEA4}"
EndProject
Global
	GlobalSection(SolutionConfigurationPlatforms) = preSolution
		Debug|Any CPU = Debug|Any CPU
		Release|Any CPU = Release|Any CPU
	EndGlobalSection
	GlobalSection(ProjectConfigurationPlatforms) = postSolution
		{1F56B318-4389-4BAC-BDA4-776DD3D4BEA4}.Debug|Any CPU.ActiveCfg = Debug|Any CPU
		{1F56B318-4389-4BAC-BDA4-776DD3D4BEA4}.Debug|Any CPU.Build.0 = Debug|Any CPU
		{1F56B318-4389-4BAC-BDA4-776DD3D4BEA4}.Release|Any CPU.ActiveCfg = Release|Any CPU
		{1F56B318-4389-4BAC-BDA4-776DD3D4BEA4}.Release|Any CPU.Build.0 = Release|Any CPU
	EndGlobalSection
	GlobalSection(SolutionProperties) = preSolution
		HideSolutionNode = FALSE
	EndGlobalSection
	GlobalSection(ExtensibilityGlobals) = postSolution
		SolutionGuid = {78D135CB-0B0E-4F4B-92FA-BA58A4E76D48}
	EndGlobalSection
EndGlobal
