
Microsoft Visual Studio Solution File, Format Version 12.00
# Visual Studio Version 16
VisualStudioVersion = 16.0.30225.117
MinimumVisualStudioVersion = 10.0.40219.1
Project("{FAE04EC0-301F-11D3-BF4B-00C04F79EFBC}") = "LeftJoin", "LeftJoin\LeftJoin.csproj", "{0951D566-0BC6-4BC8-BC0A-8231DA223B5B}"
EndProject
Project("{FAE04EC0-301F-11D3-BF4B-00C04F79EFBC}") = "LeftJoinTests", "LeftJoinTests\LeftJoinTests.csproj", "{6F6CDA84-65E5-4129-A6C7-68202C1FFFC2}"
EndProject
Global
	GlobalSection(SolutionConfigurationPlatforms) = preSolution
		Debug|Any CPU = Debug|Any CPU
		Release|Any CPU = Release|Any CPU
	EndGlobalSection
	GlobalSection(ProjectConfigurationPlatforms) = postSolution
		{0951D566-0BC6-4BC8-BC0A-8231DA223B5B}.Debug|Any CPU.ActiveCfg = Debug|Any CPU
		{0951D566-0BC6-4BC8-BC0A-8231DA223B5B}.Debug|Any CPU.Build.0 = Debug|Any CPU
		{0951D566-0BC6-4BC8-BC0A-8231DA223B5B}.Release|Any CPU.ActiveCfg = Release|Any CPU
		{0951D566-0BC6-4BC8-BC0A-8231DA223B5B}.Release|Any CPU.Build.0 = Release|Any CPU
		{6F6CDA84-65E5-4129-A6C7-68202C1FFFC2}.Debug|Any CPU.ActiveCfg = Debug|Any CPU
		{6F6CDA84-65E5-4129-A6C7-68202C1FFFC2}.Debug|Any CPU.Build.0 = Debug|Any CPU
		{6F6CDA84-65E5-4129-A6C7-68202C1FFFC2}.Release|Any CPU.ActiveCfg = Release|Any CPU
		{6F6CDA84-65E5-4129-A6C7-68202C1FFFC2}.Release|Any CPU.Build.0 = Release|Any CPU
	EndGlobalSection
	GlobalSection(SolutionProperties) = preSolution
		HideSolutionNode = FALSE
	EndGlobalSection
	GlobalSection(ExtensibilityGlobals) = postSolution
		SolutionGuid = {DAF78EA3-83A9-4FA5-870B-394D5AA2E8E9}
	EndGlobalSection
EndGlobal
