
Microsoft Visual Studio Solution File, Format Version 12.00
# Visual Studio Version 16
VisualStudioVersion = 16.0.30225.117
MinimumVisualStudioVersion = 10.0.40219.1
Project("{FAE04EC0-301F-11D3-BF4B-00C04F79EFBC}") = "BinarySearch", "BinarySearch\BinarySearch.csproj", "{66B0FDC9-3ACC-4B8D-BBB7-9F1C49CA60AD}"
EndProject
Global
	GlobalSection(SolutionConfigurationPlatforms) = preSolution
		Debug|Any CPU = Debug|Any CPU
		Release|Any CPU = Release|Any CPU
	EndGlobalSection
	GlobalSection(ProjectConfigurationPlatforms) = postSolution
		{66B0FDC9-3ACC-4B8D-BBB7-9F1C49CA60AD}.Debug|Any CPU.ActiveCfg = Debug|Any CPU
		{66B0FDC9-3ACC-4B8D-BBB7-9F1C49CA60AD}.Debug|Any CPU.Build.0 = Debug|Any CPU
		{66B0FDC9-3ACC-4B8D-BBB7-9F1C49CA60AD}.Release|Any CPU.ActiveCfg = Release|Any CPU
		{66B0FDC9-3ACC-4B8D-BBB7-9F1C49CA60AD}.Release|Any CPU.Build.0 = Release|Any CPU
	EndGlobalSection
	GlobalSection(SolutionProperties) = preSolution
		HideSolutionNode = FALSE
	EndGlobalSection
	GlobalSection(ExtensibilityGlobals) = postSolution
		SolutionGuid = {32BEFA16-DF41-4DA0-9BA7-C6842F2478F4}
	EndGlobalSection
EndGlobal
